
Microsoft Visual Studio Solution File, Format Version 12.00
# Visual Studio Version 17
VisualStudioVersion = 17.11.35303.130
MinimumVisualStudioVersion = 10.0.40219.1
Project("{FAE04EC0-301F-11D3-BF4B-00C04F79EFBC}") = "MerkezBankasi", "MerkezBankasi.csproj", "{7FA819A2-6482-476F-9F4C-1FC287B0935B}"
EndProject
Global
	GlobalSection(SolutionConfigurationPlatforms) = preSolution
		Debug|Any CPU = Debug|Any CPU
		Release|Any CPU = Release|Any CPU
	EndGlobalSection
	GlobalSection(ProjectConfigurationPlatforms) = postSolution
		{7FA819A2-6482-476F-9F4C-1FC287B0935B}.Debug|Any CPU.ActiveCfg = Debug|Any CPU
		{7FA819A2-6482-476F-9F4C-1FC287B0935B}.Debug|Any CPU.Build.0 = Debug|Any CPU
		{7FA819A2-6482-476F-9F4C-1FC287B0935B}.Release|Any CPU.ActiveCfg = Release|Any CPU
		{7FA819A2-6482-476F-9F4C-1FC287B0935B}.Release|Any CPU.Build.0 = Release|Any CPU
	EndGlobalSection
	GlobalSection(SolutionProperties) = preSolution
		HideSolutionNode = FALSE
	EndGlobalSection
	GlobalSection(ExtensibilityGlobals) = postSolution
		SolutionGuid = {ED193960-658A-484F-8E74-5A2B7E273EFA}
	EndGlobalSection
EndGlobal
